
Microsoft Visual Studio Solution File, Format Version 12.00
# Visual Studio Version 16
VisualStudioVersion = 16.0.34031.81
MinimumVisualStudioVersion = 10.0.40219.1
Project("{FAE04EC0-301F-11D3-BF4B-00C04F79EFBC}") = "ToolMovingFiles", "ToolMovingFiles\ToolMovingFiles.csproj", "{FCEC2EFF-F391-420F-B2B3-C434600E0406}"
EndProject
Global
	GlobalSection(SolutionConfigurationPlatforms) = preSolution
		Debug|Any CPU = Debug|Any CPU
		Release|Any CPU = Release|Any CPU
	EndGlobalSection
	GlobalSection(ProjectConfigurationPlatforms) = postSolution
		{FCEC2EFF-F391-420F-B2B3-C434600E0406}.Debug|Any CPU.ActiveCfg = Debug|Any CPU
		{FCEC2EFF-F391-420F-B2B3-C434600E0406}.Debug|Any CPU.Build.0 = Debug|Any CPU
		{FCEC2EFF-F391-420F-B2B3-C434600E0406}.Release|Any CPU.ActiveCfg = Release|Any CPU
		{FCEC2EFF-F391-420F-B2B3-C434600E0406}.Release|Any CPU.Build.0 = Release|Any CPU
	EndGlobalSection
	GlobalSection(SolutionProperties) = preSolution
		HideSolutionNode = FALSE
	EndGlobalSection
	GlobalSection(ExtensibilityGlobals) = postSolution
		SolutionGuid = {BE362B32-D005-4364-9B6A-8AD041406D81}
	EndGlobalSection
EndGlobal
